
Microsoft Visual Studio Solution File, Format Version 12.00
# Visual Studio Version 16
VisualStudioVersion = 16.0.31729.503
MinimumVisualStudioVersion = 10.0.40219.1
Project("{FAE04EC0-301F-11D3-BF4B-00C04F79EFBC}") = "OlymicShootingGamems", "OlymicShootingGamems\OlymicShootingGamems.csproj", "{8EB42B82-FDE8-480B-ACAF-0BC63D6EC38C}"
EndProject
Global
	GlobalSection(SolutionConfigurationPlatforms) = preSolution
		Debug|Any CPU = Debug|Any CPU
		Release|Any CPU = Release|Any CPU
	EndGlobalSection
	GlobalSection(ProjectConfigurationPlatforms) = postSolution
		{8EB42B82-FDE8-480B-ACAF-0BC63D6EC38C}.Debug|Any CPU.ActiveCfg = Debug|Any CPU
		{8EB42B82-FDE8-480B-ACAF-0BC63D6EC38C}.Debug|Any CPU.Build.0 = Debug|Any CPU
		{8EB42B82-FDE8-480B-ACAF-0BC63D6EC38C}.Release|Any CPU.ActiveCfg = Release|Any CPU
		{8EB42B82-FDE8-480B-ACAF-0BC63D6EC38C}.Release|Any CPU.Build.0 = Release|Any CPU
	EndGlobalSection
	GlobalSection(SolutionProperties) = preSolution
		HideSolutionNode = FALSE
	EndGlobalSection
	GlobalSection(ExtensibilityGlobals) = postSolution
		SolutionGuid = {B135B482-F9F5-4947-87B9-AF83A25D5E82}
	EndGlobalSection
EndGlobal
